
Microsoft Visual Studio Solution File, Format Version 12.00
# Visual Studio Version 16
VisualStudioVersion = 16.0.29001.49
MinimumVisualStudioVersion = 10.0.40219.1
Project("{FAE04EC0-301F-11D3-BF4B-00C04F79EFBC}") = "ControlesDeUsuario", "ControlesDeUsuario\ControlesDeUsuario.csproj", "{DFD9E407-96AF-44FB-A351-8AFA6DCE15E1}"
EndProject
Global
	GlobalSection(SolutionConfigurationPlatforms) = preSolution
		Debug|Any CPU = Debug|Any CPU
		Release|Any CPU = Release|Any CPU
	EndGlobalSection
	GlobalSection(ProjectConfigurationPlatforms) = postSolution
		{DFD9E407-96AF-44FB-A351-8AFA6DCE15E1}.Debug|Any CPU.ActiveCfg = Debug|Any CPU
		{DFD9E407-96AF-44FB-A351-8AFA6DCE15E1}.Debug|Any CPU.Build.0 = Debug|Any CPU
		{DFD9E407-96AF-44FB-A351-8AFA6DCE15E1}.Release|Any CPU.ActiveCfg = Release|Any CPU
		{DFD9E407-96AF-44FB-A351-8AFA6DCE15E1}.Release|Any CPU.Build.0 = Release|Any CPU
	EndGlobalSection
	GlobalSection(SolutionProperties) = preSolution
		HideSolutionNode = FALSE
	EndGlobalSection
	GlobalSection(ExtensibilityGlobals) = postSolution
		SolutionGuid = {8836237F-1D77-43A7-B1F7-B18904C4030B}
	EndGlobalSection
EndGlobal
